
Microsoft Visual Studio Solution File, Format Version 12.00
# Visual Studio Version 17
VisualStudioVersion = 17.0.31912.275
MinimumVisualStudioVersion = 10.0.40219.1
Project("{FAE04EC0-301F-11D3-BF4B-00C04F79EFBC}") = "SeleniumExample2223", "SeleniumExample2223\SeleniumExample2223.csproj", "{D5C679B3-B8A6-40D2-9532-880DC2FF6C44}"
EndProject
Global
	GlobalSection(SolutionConfigurationPlatforms) = preSolution
		Debug|Any CPU = Debug|Any CPU
		Release|Any CPU = Release|Any CPU
	EndGlobalSection
	GlobalSection(ProjectConfigurationPlatforms) = postSolution
		{D5C679B3-B8A6-40D2-9532-880DC2FF6C44}.Debug|Any CPU.ActiveCfg = Debug|Any CPU
		{D5C679B3-B8A6-40D2-9532-880DC2FF6C44}.Debug|Any CPU.Build.0 = Debug|Any CPU
		{D5C679B3-B8A6-40D2-9532-880DC2FF6C44}.Release|Any CPU.ActiveCfg = Release|Any CPU
		{D5C679B3-B8A6-40D2-9532-880DC2FF6C44}.Release|Any CPU.Build.0 = Release|Any CPU
	EndGlobalSection
	GlobalSection(SolutionProperties) = preSolution
		HideSolutionNode = FALSE
	EndGlobalSection
	GlobalSection(ExtensibilityGlobals) = postSolution
		SolutionGuid = {10997425-6FA0-400F-918D-B2598AB30E45}
	EndGlobalSection
EndGlobal
